// !$*UTF8*$!
{
	archiveVersion = 1;
	classes = {
	};
	objectVersion = 56;
	objects = {

/* Begin PBXBuildFile section */
		8F377AAE29D4CFB900475615 /* FocusPointView.swift in Sources */ = {isa = PBXBuildFile; fileRef = 8F377AAD29D4CFB900475615 /* FocusPointView.swift */; };
		8F5D3777291A9FA50073F105 /* StickFigureView.swift in Sources */ = {isa = PBXBuildFile; fileRef = 8F5D3776291A9FA50073F105 /* StickFigureView.swift */; };
		8FB81DA9292EAFB000AA73FD /* CameraView.swift in Sources */ = {isa = PBXBuildFile; fileRef = 8FB81DA8292EAFB000AA73FD /* CameraView.swift */; };
		8FB81DAB2930166200AA73FD /* AppDelegate.swift in Sources */ = {isa = PBXBuildFile; fileRef = 8FB81DAA2930166200AA73FD /* AppDelegate.swift */; };
		8FB81DBC29315A4000AA73FD /* CameraService.swift in Sources */ = {isa = PBXBuildFile; fileRef = 8FB81DBB29315A4000AA73FD /* CameraService.swift */; };
		8FB81DBF29316C1200AA73FD /* CameraViewModel.swift in Sources */ = {isa = PBXBuildFile; fileRef = 8FB81DBE29316C1200AA73FD /* CameraViewModel.swift */; };
		8FB81DC129316EFB00AA73FD /* CameraPreview.swift in Sources */ = {isa = PBXBuildFile; fileRef = 8FB81DC029316EFB00AA73FD /* CameraPreview.swift */; };
		8FC3CF9428E5CD2D009917F4 /* FalconizeApp.swift in Sources */ = {isa = PBXBuildFile; fileRef = 8FC3CF9328E5CD2D009917F4 /* FalconizeApp.swift */; };
		8FC3CF9628E5CD2D009917F4 /* ContentView.swift in Sources */ = {isa = PBXBuildFile; fileRef = 8FC3CF9528E5CD2D009917F4 /* ContentView.swift */; };
		8FC3CF9828E5CD2E009917F4 /* Assets.xcassets in Resources */ = {isa = PBXBuildFile; fileRef = 8FC3CF9728E5CD2E009917F4 /* Assets.xcassets */; };
		8FC3CF9B28E5CD2E009917F4 /* Preview Assets.xcassets in Resources */ = {isa = PBXBuildFile; fileRef = 8FC3CF9A28E5CD2E009917F4 /* Preview Assets.xcassets */; };
		8FCD220B2989B74B00B5571C /* PhotoCaptureProcessor.swift in Sources */ = {isa = PBXBuildFile; fileRef = 8FCD220A2989B74B00B5571C /* PhotoCaptureProcessor.swift */; };
		8FD7081329BA832200857334 /* SwitchLensButtons.swift in Sources */ = {isa = PBXBuildFile; fileRef = 8FD7081229BA832100857334 /* SwitchLensButtons.swift */; };
		8FE86D9529DDAD3A00AB5BF6 /* Falconized_PoseModel.mlmodel in Sources */ = {isa = PBXBuildFile; fileRef = 8FE86D9429DDAD3A00AB5BF6 /* Falconized_PoseModel.mlmodel */; };
		8FEB5375298AB39C00BBB854 /* VideoCaptureProcessor.swift in Sources */ = {isa = PBXBuildFile; fileRef = 8FEB5374298AB39C00BBB854 /* VideoCaptureProcessor.swift */; };
		8FEB5377298C7DAA00BBB854 /* CaptureHistoryProcessor.swift in Sources */ = {isa = PBXBuildFile; fileRef = 8FEB5376298C7DAA00BBB854 /* CaptureHistoryProcessor.swift */; };
		8FEB53792991C9CE00BBB854 /* myUtil.swift in Sources */ = {isa = PBXBuildFile; fileRef = 8FEB53782991C9CE00BBB854 /* myUtil.swift */; };
		8FF252752918845000BFA014 /* PosePredictor.swift in Sources */ = {isa = PBXBuildFile; fileRef = 8FF252742918845000BFA014 /* PosePredictor.swift */; };
/* End PBXBuildFile section */

/* Begin PBXFileReference section */
		8F377AAD29D4CFB900475615 /* FocusPointView.swift */ = {isa = PBXFileReference; lastKnownFileType = sourcecode.swift; path = FocusPointView.swift; sourceTree = "<group>"; };
		8F5D3776291A9FA50073F105 /* StickFigureView.swift */ = {isa = PBXFileReference; lastKnownFileType = sourcecode.swift; path = StickFigureView.swift; sourceTree = "<group>"; };
		8FB81DA8292EAFB000AA73FD /* CameraView.swift */ = {isa = PBXFileReference; lastKnownFileType = sourcecode.swift; path = CameraView.swift; sourceTree = "<group>"; };
		8FB81DAA2930166200AA73FD /* AppDelegate.swift */ = {isa = PBXFileReference; lastKnownFileType = sourcecode.swift; path = AppDelegate.swift; sourceTree = "<group>"; };
		8FB81DBB29315A4000AA73FD /* CameraService.swift */ = {isa = PBXFileReference; lastKnownFileType = sourcecode.swift; path = CameraService.swift; sourceTree = "<group>"; };
		8FB81DBE29316C1200AA73FD /* CameraViewModel.swift */ = {isa = PBXFileReference; lastKnownFileType = sourcecode.swift; path = CameraViewModel.swift; sourceTree = "<group>"; };
		8FB81DC029316EFB00AA73FD /* CameraPreview.swift */ = {isa = PBXFileReference; lastKnownFileType = sourcecode.swift; path = CameraPreview.swift; sourceTree = "<group>"; };
		8FC3CF9028E5CD2D009917F4 /* Falconize.app */ = {isa = PBXFileReference; explicitFileType = wrapper.application; includeInIndex = 0; path = Falconize.app; sourceTree = BUILT_PRODUCTS_DIR; };
		8FC3CF9328E5CD2D009917F4 /* FalconizeApp.swift */ = {isa = PBXFileReference; lastKnownFileType = sourcecode.swift; path = FalconizeApp.swift; sourceTree = "<group>"; };
		8FC3CF9528E5CD2D009917F4 /* ContentView.swift */ = {isa = PBXFileReference; lastKnownFileType = sourcecode.swift; path = ContentView.swift; sourceTree = "<group>"; };
		8FC3CF9728E5CD2E009917F4 /* Assets.xcassets */ = {isa = PBXFileReference; lastKnownFileType = folder.assetcatalog; path = Assets.xcassets; sourceTree = "<group>"; };
		8FC3CF9A28E5CD2E009917F4 /* Preview Assets.xcassets */ = {isa = PBXFileReference; lastKnownFileType = folder.assetcatalog; path = "Preview Assets.xcassets"; sourceTree = "<group>"; };
		8FCD220929897EB800B5571C /* Info.plist */ = {isa = PBXFileReference; lastKnownFileType = text.plist; path = Info.plist; sourceTree = "<group>"; };
		8FCD220A2989B74B00B5571C /* PhotoCaptureProcessor.swift */ = {isa = PBXFileReference; lastKnownFileType = sourcecode.swift; path = PhotoCaptureProcessor.swift; sourceTree = "<group>"; };
		8FD7081229BA832100857334 /* SwitchLensButtons.swift */ = {isa = PBXFileReference; lastKnownFileType = sourcecode.swift; path = SwitchLensButtons.swift; sourceTree = "<group>"; };
		8FE86D9429DDAD3A00AB5BF6 /* Falconized_PoseModel.mlmodel */ = {isa = PBXFileReference; lastKnownFileType = file.mlmodel; path = Falconized_PoseModel.mlmodel; sourceTree = "<group>"; };
		8FEB5374298AB39C00BBB854 /* VideoCaptureProcessor.swift */ = {isa = PBXFileReference; lastKnownFileType = sourcecode.swift; path = VideoCaptureProcessor.swift; sourceTree = "<group>"; };
		8FEB5376298C7DAA00BBB854 /* CaptureHistoryProcessor.swift */ = {isa = PBXFileReference; lastKnownFileType = sourcecode.swift; path = CaptureHistoryProcessor.swift; sourceTree = "<group>"; };
		8FEB53782991C9CE00BBB854 /* myUtil.swift */ = {isa = PBXFileReference; lastKnownFileType = sourcecode.swift; path = myUtil.swift; sourceTree = "<group>"; };
		8FF252742918845000BFA014 /* PosePredictor.swift */ = {isa = PBXFileReference; lastKnownFileType = sourcecode.swift; path = PosePredictor.swift; sourceTree = "<group>"; };
/* End PBXFileReference section */

/* Begin PBXFrameworksBuildPhase section */
		8FC3CF8D28E5CD2D009917F4 /* Frameworks */ = {
			isa = PBXFrameworksBuildPhase;
			buildActionMask = 2147483647;
			files = (
			);
			runOnlyForDeploymentPostprocessing = 0;
		};
/* End PBXFrameworksBuildPhase section */

/* Begin PBXGroup section */
		8F2600D929EAA80400EB04F0 /* videoOutputs */ = {
			isa = PBXGroup;
			children = (
				8FEB5374298AB39C00BBB854 /* VideoCaptureProcessor.swift */,
				8FCD220A2989B74B00B5571C /* PhotoCaptureProcessor.swift */,
				8FEB5376298C7DAA00BBB854 /* CaptureHistoryProcessor.swift */,
			);
			path = videoOutputs;
			sourceTree = "<group>";
		};
		8F2600DA29EAA82100EB04F0 /* Views */ = {
			isa = PBXGroup;
			children = (
				8FB81DC029316EFB00AA73FD /* CameraPreview.swift */,
				8F377AAD29D4CFB900475615 /* FocusPointView.swift */,
				8FD7081229BA832100857334 /* SwitchLensButtons.swift */,
			);
			path = Views;
			sourceTree = "<group>";
		};
		8FB81DBD29316BDD00AA73FD /* CameraView */ = {
			isa = PBXGroup;
			children = (
				8FB81DA8292EAFB000AA73FD /* CameraView.swift */,
				8FB81DBE29316C1200AA73FD /* CameraViewModel.swift */,
				8FB81DBB29315A4000AA73FD /* CameraService.swift */,
				8F2600DA29EAA82100EB04F0 /* Views */,
				8F2600D929EAA80400EB04F0 /* videoOutputs */,
			);
			path = CameraView;
			sourceTree = "<group>";
		};
		8FC3CF8728E5CD2D009917F4 = {
			isa = PBXGroup;
			children = (
				8FC3CF9228E5CD2D009917F4 /* Falconize */,
				8FC3CF9128E5CD2D009917F4 /* Products */,
			);
			sourceTree = "<group>";
		};
		8FC3CF9128E5CD2D009917F4 /* Products */ = {
			isa = PBXGroup;
			children = (
				8FC3CF9028E5CD2D009917F4 /* Falconize.app */,
			);
			name = Products;
			sourceTree = "<group>";
		};
		8FC3CF9228E5CD2D009917F4 /* Falconize */ = {
			isa = PBXGroup;
			children = (
				8FCD220929897EB800B5571C /* Info.plist */,
				8FC3CF9328E5CD2D009917F4 /* FalconizeApp.swift */,
				8FB81DAA2930166200AA73FD /* AppDelegate.swift */,
				8FE1D3B129EAB7C20012E835 /* Views */,
				8FF252742918845000BFA014 /* PosePredictor.swift */,
				8FEB53782991C9CE00BBB854 /* myUtil.swift */,
				8FE86D9429DDAD3A00AB5BF6 /* Falconized_PoseModel.mlmodel */,
				8FC3CF9728E5CD2E009917F4 /* Assets.xcassets */,
				8FC3CF9928E5CD2E009917F4 /* Preview Content */,
			);
			path = Falconize;
			sourceTree = "<group>";
		};
		8FC3CF9928E5CD2E009917F4 /* Preview Content */ = {
			isa = PBXGroup;
			children = (
				8FC3CF9A28E5CD2E009917F4 /* Preview Assets.xcassets */,
			);
			path = "Preview Content";
			sourceTree = "<group>";
		};
		8FE1D3B129EAB7C20012E835 /* Views */ = {
			isa = PBXGroup;
			children = (
				8FC3CF9528E5CD2D009917F4 /* ContentView.swift */,
				8FB81DBD29316BDD00AA73FD /* CameraView */,
				8F5D3776291A9FA50073F105 /* StickFigureView.swift */,
			);
			path = Views;
			sourceTree = "<group>";
		};
/* End PBXGroup section */

/* Begin PBXNativeTarget section */
		8FC3CF8F28E5CD2D009917F4 /* Falconize */ = {
			isa = PBXNativeTarget;
			buildConfigurationList = 8FC3CF9E28E5CD2E009917F4 /* Build configuration list for PBXNativeTarget "Falconize" */;
			buildPhases = (
				8FC3CF8C28E5CD2D009917F4 /* Sources */,
				8FC3CF8D28E5CD2D009917F4 /* Frameworks */,
				8FC3CF8E28E5CD2D009917F4 /* Resources */,
				8FEB537B2992D05600BBB854 /* ShellScript */,
			);
			buildRules = (
			);
			dependencies = (
			);
			name = Falconize;
			productName = CameraTest;
			productReference = 8FC3CF9028E5CD2D009917F4 /* Falconize.app */;
			productType = "com.apple.product-type.application";
		};
/* End PBXNativeTarget section */

/* Begin PBXProject section */
		8FC3CF8828E5CD2D009917F4 /* Project object */ = {
			isa = PBXProject;
			attributes = {
				BuildIndependentTargetsInParallel = 1;
				LastSwiftUpdateCheck = 1400;
				LastUpgradeCheck = 1400;
				TargetAttributes = {
					8FC3CF8F28E5CD2D009917F4 = {
						CreatedOnToolsVersion = 14.0.1;
					};
				};
			};
			buildConfigurationList = 8FC3CF8B28E5CD2D009917F4 /* Build configuration list for PBXProject "Falconize" */;
			compatibilityVersion = "Xcode 14.0";
			developmentRegion = en;
			hasScannedForEncodings = 0;
			knownRegions = (
				en,
				Base,
			);
			mainGroup = 8FC3CF8728E5CD2D009917F4;
			packageReferences = (
			);
			productRefGroup = 8FC3CF9128E5CD2D009917F4 /* Products */;
			projectDirPath = "";
			projectRoot = "";
			targets = (
				8FC3CF8F28E5CD2D009917F4 /* Falconize */,
			);
		};
/* End PBXProject section */

/* Begin PBXResourcesBuildPhase section */
		8FC3CF8E28E5CD2D009917F4 /* Resources */ = {
			isa = PBXResourcesBuildPhase;
			buildActionMask = 2147483647;
			files = (
				8FC3CF9B28E5CD2E009917F4 /* Preview Assets.xcassets in Resources */,
				8FC3CF9828E5CD2E009917F4 /* Assets.xcassets in Resources */,
			);
			runOnlyForDeploymentPostprocessing = 0;
		};
/* End PBXResourcesBuildPhase section */

/* Begin PBXShellScriptBuildPhase section */
		8FEB537B2992D05600BBB854 /* ShellScript */ = {
			isa = PBXShellScriptBuildPhase;
			buildActionMask = 2147483647;
			files = (
			);
			inputFileListPaths = (
			);
			inputPaths = (
			);
			outputFileListPaths = (
			);
			outputPaths = (
			);
			runOnlyForDeploymentPostprocessing = 0;
			shellPath = /bin/sh;
			shellScript = "export PATH=\"$PATH:/opt/homebrew/bin\"\nif which swiftlint > /dev/null; then\n  swiftlint\nelse\n  echo \"warning: SwiftLint not installed, download from https://github.com/realm/SwiftLint\"\nfi\n";
		};
/* End PBXShellScriptBuildPhase section */

/* Begin PBXSourcesBuildPhase section */
		8FC3CF8C28E5CD2D009917F4 /* Sources */ = {
			isa = PBXSourcesBuildPhase;
			buildActionMask = 2147483647;
			files = (
				8FB81DA9292EAFB000AA73FD /* CameraView.swift in Sources */,
				8F5D3777291A9FA50073F105 /* StickFigureView.swift in Sources */,
				8FEB5377298C7DAA00BBB854 /* CaptureHistoryProcessor.swift in Sources */,
				8FB81DBC29315A4000AA73FD /* CameraService.swift in Sources */,
				8FB81DBF29316C1200AA73FD /* CameraViewModel.swift in Sources */,
				8FEB53792991C9CE00BBB854 /* myUtil.swift in Sources */,
				8FB81DC129316EFB00AA73FD /* CameraPreview.swift in Sources */,
				8FB81DAB2930166200AA73FD /* AppDelegate.swift in Sources */,
				8F377AAE29D4CFB900475615 /* FocusPointView.swift in Sources */,
				8FC3CF9628E5CD2D009917F4 /* ContentView.swift in Sources */,
				8FE86D9529DDAD3A00AB5BF6 /* Falconized_PoseModel.mlmodel in Sources */,
				8FC3CF9428E5CD2D009917F4 /* FalconizeApp.swift in Sources */,
				8FCD220B2989B74B00B5571C /* PhotoCaptureProcessor.swift in Sources */,
				8FF252752918845000BFA014 /* PosePredictor.swift in Sources */,
				8FEB5375298AB39C00BBB854 /* VideoCaptureProcessor.swift in Sources */,
				8FD7081329BA832200857334 /* SwitchLensButtons.swift in Sources */,
			);
			runOnlyForDeploymentPostprocessing = 0;
		};
/* End PBXSourcesBuildPhase section */

/* Begin XCBuildConfiguration section */
		8FC3CF9C28E5CD2E009917F4 /* Debug */ = {
			isa = XCBuildConfiguration;
			buildSettings = {
				ALWAYS_SEARCH_USER_PATHS = NO;
				CLANG_ANALYZER_NONNULL = YES;
				CLANG_ANALYZER_NUMBER_OBJECT_CONVERSION = YES_AGGRESSIVE;
				CLANG_CXX_LANGUAGE_STANDARD = "gnu++20";
				CLANG_ENABLE_MODULES = YES;
				CLANG_ENABLE_OBJC_ARC = YES;
				CLANG_ENABLE_OBJC_WEAK = YES;
				CLANG_WARN_BLOCK_CAPTURE_AUTORELEASING = YES;
				CLANG_WARN_BOOL_CONVERSION = YES;
				CLANG_WARN_COMMA = YES;
				CLANG_WARN_CONSTANT_CONVERSION = YES;
				CLANG_WARN_DEPRECATED_OBJC_IMPLEMENTATIONS = YES;
				CLANG_WARN_DIRECT_OBJC_ISA_USAGE = YES_ERROR;
				CLANG_WARN_DOCUMENTATION_COMMENTS = YES;
				CLANG_WARN_EMPTY_BODY = YES;
				CLANG_WARN_ENUM_CONVERSION = YES;
				CLANG_WARN_INFINITE_RECURSION = YES;
				CLANG_WARN_INT_CONVERSION = YES;
				CLANG_WARN_NON_LITERAL_NULL_CONVERSION = YES;
				CLANG_WARN_OBJC_IMPLICIT_RETAIN_SELF = YES;
				CLANG_WARN_OBJC_LITERAL_CONVERSION = YES;
				CLANG_WARN_OBJC_ROOT_CLASS = YES_ERROR;
				CLANG_WARN_QUOTED_INCLUDE_IN_FRAMEWORK_HEADER = YES;
				CLANG_WARN_RANGE_LOOP_ANALYSIS = YES;
				CLANG_WARN_STRICT_PROTOTYPES = YES;
				CLANG_WARN_SUSPICIOUS_MOVE = YES;
				CLANG_WARN_UNGUARDED_AVAILABILITY = YES_AGGRESSIVE;
				CLANG_WARN_UNREACHABLE_CODE = YES;
				CLANG_WARN__DUPLICATE_METHOD_MATCH = YES;
				COPY_PHASE_STRIP = NO;
				DEBUG_INFORMATION_FORMAT = dwarf;
				ENABLE_STRICT_OBJC_MSGSEND = YES;
				ENABLE_TESTABILITY = YES;
				GCC_C_LANGUAGE_STANDARD = gnu11;
				GCC_DYNAMIC_NO_PIC = NO;
				GCC_NO_COMMON_BLOCKS = YES;
				GCC_OPTIMIZATION_LEVEL = 0;
				GCC_PREPROCESSOR_DEFINITIONS = (
					"DEBUG=1",
					"$(inherited)",
				);
				GCC_WARN_64_TO_32_BIT_CONVERSION = YES;
				GCC_WARN_ABOUT_RETURN_TYPE = YES_ERROR;
				GCC_WARN_UNDECLARED_SELECTOR = YES;
				GCC_WARN_UNINITIALIZED_AUTOS = YES_AGGRESSIVE;
				GCC_WARN_UNUSED_FUNCTION = YES;
				GCC_WARN_UNUSED_VARIABLE = YES;
				IPHONEOS_DEPLOYMENT_TARGET = 16.0;
				MTL_ENABLE_DEBUG_INFO = INCLUDE_SOURCE;
				MTL_FAST_MATH = YES;
				ONLY_ACTIVE_ARCH = YES;
				SDKROOT = iphoneos;
				SWIFT_ACTIVE_COMPILATION_CONDITIONS = DEBUG;
				SWIFT_OPTIMIZATION_LEVEL = "-Onone";
			};
			name = Debug;
		};
		8FC3CF9D28E5CD2E009917F4 /* Release */ = {
			isa = XCBuildConfiguration;
			buildSettings = {
				ALWAYS_SEARCH_USER_PATHS = NO;
				CLANG_ANALYZER_NONNULL = YES;
				CLANG_ANALYZER_NUMBER_OBJECT_CONVERSION = YES_AGGRESSIVE;
				CLANG_CXX_LANGUAGE_STANDARD = "gnu++20";
				CLANG_ENABLE_MODULES = YES;
				CLANG_ENABLE_OBJC_ARC = YES;
				CLANG_ENABLE_OBJC_WEAK = YES;
				CLANG_WARN_BLOCK_CAPTURE_AUTORELEASING = YES;
				CLANG_WARN_BOOL_CONVERSION = YES;
				CLANG_WARN_COMMA = YES;
				CLANG_WARN_CONSTANT_CONVERSION = YES;
				CLANG_WARN_DEPRECATED_OBJC_IMPLEMENTATIONS = YES;
				CLANG_WARN_DIRECT_OBJC_ISA_USAGE = YES_ERROR;
				CLANG_WARN_DOCUMENTATION_COMMENTS = YES;
				CLANG_WARN_EMPTY_BODY = YES;
				CLANG_WARN_ENUM_CONVERSION = YES;
				CLANG_WARN_INFINITE_RECURSION = YES;
				CLANG_WARN_INT_CONVERSION = YES;
				CLANG_WARN_NON_LITERAL_NULL_CONVERSION = YES;
				CLANG_WARN_OBJC_IMPLICIT_RETAIN_SELF = YES;
				CLANG_WARN_OBJC_LITERAL_CONVERSION = YES;
				CLANG_WARN_OBJC_ROOT_CLASS = YES_ERROR;
				CLANG_WARN_QUOTED_INCLUDE_IN_FRAMEWORK_HEADER = YES;
				CLANG_WARN_RANGE_LOOP_ANALYSIS = YES;
				CLANG_WARN_STRICT_PROTOTYPES = YES;
				CLANG_WARN_SUSPICIOUS_MOVE = YES;
				CLANG_WARN_UNGUARDED_AVAILABILITY = YES_AGGRESSIVE;
				CLANG_WARN_UNREACHABLE_CODE = YES;
				CLANG_WARN__DUPLICATE_METHOD_MATCH = YES;
				COPY_PHASE_STRIP = NO;
				DEBUG_INFORMATION_FORMAT = "dwarf-with-dsym";
				ENABLE_NS_ASSERTIONS = NO;
				ENABLE_STRICT_OBJC_MSGSEND = YES;
				GCC_C_LANGUAGE_STANDARD = gnu11;
				GCC_NO_COMMON_BLOCKS = YES;
				GCC_WARN_64_TO_32_BIT_CONVERSION = YES;
				GCC_WARN_ABOUT_RETURN_TYPE = YES_ERROR;
				GCC_WARN_UNDECLARED_SELECTOR = YES;
				GCC_WARN_UNINITIALIZED_AUTOS = YES_AGGRESSIVE;
				GCC_WARN_UNUSED_FUNCTION = YES;
				GCC_WARN_UNUSED_VARIABLE = YES;
				IPHONEOS_DEPLOYMENT_TARGET = 16.0;
				MTL_ENABLE_DEBUG_INFO = NO;
				MTL_FAST_MATH = YES;
				SDKROOT = iphoneos;
				SWIFT_COMPILATION_MODE = wholemodule;
				SWIFT_OPTIMIZATION_LEVEL = "-O";
				VALIDATE_PRODUCT = YES;
			};
			name = Release;
		};
		8FC3CF9F28E5CD2E009917F4 /* Debug */ = {
			isa = XCBuildConfiguration;
			buildSettings = {
				ASSETCATALOG_COMPILER_APPICON_NAME = AppIcon;
				ASSETCATALOG_COMPILER_GLOBAL_ACCENT_COLOR_NAME = AccentColor;
				CODE_SIGN_STYLE = Automatic;
				CURRENT_PROJECT_VERSION = 1;
				DEVELOPMENT_ASSET_PATHS = "\"Falconize/Preview Content\"";
				DEVELOPMENT_TEAM = 995Z92HMCB;
				ENABLE_PREVIEWS = YES;
				GENERATE_INFOPLIST_FILE = YES;
				INFOPLIST_FILE = Falconize/Info.plist;
				INFOPLIST_KEY_LSApplicationCategoryType = "public.app-category.sports";
				INFOPLIST_KEY_NSCameraUsageDescription = "For testing puroses";
				INFOPLIST_KEY_NSPhotoLibraryUsageDescription = "Saving images from camera roll to gallery";
				INFOPLIST_KEY_UIApplicationSupportsIndirectInputEvents = YES;
				INFOPLIST_KEY_UILaunchScreen_Generation = YES;
				INFOPLIST_KEY_UISupportedInterfaceOrientations_iPad = "UIInterfaceOrientationPortrait UIInterfaceOrientationPortraitUpsideDown UIInterfaceOrientationLandscapeLeft UIInterfaceOrientationLandscapeRight";
				INFOPLIST_KEY_UISupportedInterfaceOrientations_iPhone = "UIInterfaceOrientationPortrait UIInterfaceOrientationLandscapeLeft UIInterfaceOrientationLandscapeRight";
				LD_RUNPATH_SEARCH_PATHS = (
					"$(inherited)",
					"@executable_path/Frameworks",
				);
				MARKETING_VERSION = 1.0;
				PRODUCT_BUNDLE_IDENTIFIER = dev.nacar.Falconize;
				PRODUCT_NAME = "$(TARGET_NAME)";
				SUPPORTED_PLATFORMS = "iphoneos iphonesimulator";
				SUPPORTS_MACCATALYST = NO;
				SUPPORTS_MAC_DESIGNED_FOR_IPHONE_IPAD = NO;
				SWIFT_EMIT_LOC_STRINGS = YES;
				SWIFT_VERSION = 5.0;
				TARGETED_DEVICE_FAMILY = "1,2";
			};
			name = Debug;
		};
		8FC3CFA028E5CD2E009917F4 /* Release */ = {
			isa = XCBuildConfiguration;
			buildSettings = {
				ASSETCATALOG_COMPILER_APPICON_NAME = AppIcon;
				ASSETCATALOG_COMPILER_GLOBAL_ACCENT_COLOR_NAME = AccentColor;
				CODE_SIGN_STYLE = Automatic;
				CURRENT_PROJECT_VERSION = 1;
				DEVELOPMENT_ASSET_PATHS = "\"Falconize/Preview Content\"";
				DEVELOPMENT_TEAM = 995Z92HMCB;
				ENABLE_PREVIEWS = YES;
				GENERATE_INFOPLIST_FILE = YES;
				INFOPLIST_FILE = Falconize/Info.plist;
				INFOPLIST_KEY_LSApplicationCategoryType = "public.app-category.sports";
				INFOPLIST_KEY_NSCameraUsageDescription = "For testing puroses";
				INFOPLIST_KEY_NSPhotoLibraryUsageDescription = "Saving images from camera roll to gallery";
				INFOPLIST_KEY_UIApplicationSupportsIndirectInputEvents = YES;
				INFOPLIST_KEY_UILaunchScreen_Generation = YES;
				INFOPLIST_KEY_UISupportedInterfaceOrientations_iPad = "UIInterfaceOrientationPortrait UIInterfaceOrientationPortraitUpsideDown UIInterfaceOrientationLandscapeLeft UIInterfaceOrientationLandscapeRight";
				INFOPLIST_KEY_UISupportedInterfaceOrientations_iPhone = "UIInterfaceOrientationPortrait UIInterfaceOrientationLandscapeLeft UIInterfaceOrientationLandscapeRight";
				LD_RUNPATH_SEARCH_PATHS = (
					"$(inherited)",
					"@executable_path/Frameworks",
				);
				MARKETING_VERSION = 1.0;
				PRODUCT_BUNDLE_IDENTIFIER = dev.nacar.Falconize;
				PRODUCT_NAME = "$(TARGET_NAME)";
				SUPPORTED_PLATFORMS = "iphoneos iphonesimulator";
				SUPPORTS_MACCATALYST = NO;
				SUPPORTS_MAC_DESIGNED_FOR_IPHONE_IPAD = NO;
				SWIFT_EMIT_LOC_STRINGS = YES;
				SWIFT_VERSION = 5.0;
				TARGETED_DEVICE_FAMILY = "1,2";
			};
			name = Release;
		};
/* End XCBuildConfiguration section */

/* Begin XCConfigurationList section */
		8FC3CF8B28E5CD2D009917F4 /* Build configuration list for PBXProject "Falconize" */ = {
			isa = XCConfigurationList;
			buildConfigurations = (
				8FC3CF9C28E5CD2E009917F4 /* Debug */,
				8FC3CF9D28E5CD2E009917F4 /* Release */,
			);
			defaultConfigurationIsVisible = 0;
			defaultConfigurationName = Release;
		};
		8FC3CF9E28E5CD2E009917F4 /* Build configuration list for PBXNativeTarget "Falconize" */ = {
			isa = XCConfigurationList;
			buildConfigurations = (
				8FC3CF9F28E5CD2E009917F4 /* Debug */,
				8FC3CFA028E5CD2E009917F4 /* Release */,
			);
			defaultConfigurationIsVisible = 0;
			defaultConfigurationName = Release;
		};
/* End XCConfigurationList section */
	};
	rootObject = 8FC3CF8828E5CD2D009917F4 /* Project object */;
}
